
Microsoft Visual Studio Solution File, Format Version 12.00
# Visual Studio Version 16
VisualStudioVersion = 16.0.30406.217
MinimumVisualStudioVersion = 10.0.40219.1
Project("{9A19103F-16F7-4668-BE54-9A1E7A4F7556}") = "OldestFamilyMember", "OldestFamilyMember\OldestFamilyMember.csproj", "{52E5CBED-ACBA-415C-8B85-2BEA75583DEB}"
EndProject
Project("{9A19103F-16F7-4668-BE54-9A1E7A4F7556}") = "DefineAClassPerson", "DefineAClassPerson\DefineAClassPerson.csproj", "{0756BD1D-8B50-4A0E-B50A-F1E16B05E200}"
EndProject
Project("{FAE04EC0-301F-11D3-BF4B-00C04F79EFBC}") = "OpinionPoll", "OpinionPoll\OpinionPoll.csproj", "{C7890913-D73F-4C1C-A79C-4AA0767EB0DB}"
EndProject
Project("{FAE04EC0-301F-11D3-BF4B-00C04F79EFBC}") = "DateModifier", "DateModifier\DateModifier.csproj", "{8794E18E-EDA5-425F-A784-C862A4706CB6}"
EndProject
Project("{FAE04EC0-301F-11D3-BF4B-00C04F79EFBC}") = "SpeedRacing", "SpeedRacing\SpeedRacing.csproj", "{23DB06E4-C400-4EF7-A00D-2C96E4B7A3CE}"
EndProject
Global
	GlobalSection(SolutionConfigurationPlatforms) = preSolution
		Debug|Any CPU = Debug|Any CPU
		Release|Any CPU = Release|Any CPU
	EndGlobalSection
	GlobalSection(ProjectConfigurationPlatforms) = postSolution
		{52E5CBED-ACBA-415C-8B85-2BEA75583DEB}.Debug|Any CPU.ActiveCfg = Debug|Any CPU
		{52E5CBED-ACBA-415C-8B85-2BEA75583DEB}.Debug|Any CPU.Build.0 = Debug|Any CPU
		{52E5CBED-ACBA-415C-8B85-2BEA75583DEB}.Release|Any CPU.ActiveCfg = Release|Any CPU
		{52E5CBED-ACBA-415C-8B85-2BEA75583DEB}.Release|Any CPU.Build.0 = Release|Any CPU
		{0756BD1D-8B50-4A0E-B50A-F1E16B05E200}.Debug|Any CPU.ActiveCfg = Debug|Any CPU
		{0756BD1D-8B50-4A0E-B50A-F1E16B05E200}.Debug|Any CPU.Build.0 = Debug|Any CPU
		{0756BD1D-8B50-4A0E-B50A-F1E16B05E200}.Release|Any CPU.ActiveCfg = Release|Any CPU
		{0756BD1D-8B50-4A0E-B50A-F1E16B05E200}.Release|Any CPU.Build.0 = Release|Any CPU
		{C7890913-D73F-4C1C-A79C-4AA0767EB0DB}.Debug|Any CPU.ActiveCfg = Debug|Any CPU
		{C7890913-D73F-4C1C-A79C-4AA0767EB0DB}.Debug|Any CPU.Build.0 = Debug|Any CPU
		{C7890913-D73F-4C1C-A79C-4AA0767EB0DB}.Release|Any CPU.ActiveCfg = Release|Any CPU
		{C7890913-D73F-4C1C-A79C-4AA0767EB0DB}.Release|Any CPU.Build.0 = Release|Any CPU
		{8794E18E-EDA5-425F-A784-C862A4706CB6}.Debug|Any CPU.ActiveCfg = Debug|Any CPU
		{8794E18E-EDA5-425F-A784-C862A4706CB6}.Debug|Any CPU.Build.0 = Debug|Any CPU
		{8794E18E-EDA5-425F-A784-C862A4706CB6}.Release|Any CPU.ActiveCfg = Release|Any CPU
		{8794E18E-EDA5-425F-A784-C862A4706CB6}.Release|Any CPU.Build.0 = Release|Any CPU
		{23DB06E4-C400-4EF7-A00D-2C96E4B7A3CE}.Debug|Any CPU.ActiveCfg = Debug|Any CPU
		{23DB06E4-C400-4EF7-A00D-2C96E4B7A3CE}.Debug|Any CPU.Build.0 = Debug|Any CPU
		{23DB06E4-C400-4EF7-A00D-2C96E4B7A3CE}.Release|Any CPU.ActiveCfg = Release|Any CPU
		{23DB06E4-C400-4EF7-A00D-2C96E4B7A3CE}.Release|Any CPU.Build.0 = Release|Any CPU
	EndGlobalSection
	GlobalSection(SolutionProperties) = preSolution
		HideSolutionNode = FALSE
	EndGlobalSection
	GlobalSection(ExtensibilityGlobals) = postSolution
		SolutionGuid = {58FC80F7-F030-431B-B04F-D4DDAF13D1A8}
	EndGlobalSection
EndGlobal
