
Microsoft Visual Studio Solution File, Format Version 12.00
# Visual Studio Version 16
VisualStudioVersion = 16.0.30406.217
MinimumVisualStudioVersion = 10.0.40219.1
Project("{FAE04EC0-301F-11D3-BF4B-00C04F79EFBC}") = "DatingApp", "DatingApp\DatingApp.csproj", "{F961F980-0107-4669-A627-D737C9593B15}"
EndProject
Project("{FAE04EC0-301F-11D3-BF4B-00C04F79EFBC}") = "BookWorm", "BookWorm\BookWorm.csproj", "{42E249EB-3806-40E1-96FB-A65E92250390}"
EndProject
Project("{FAE04EC0-301F-11D3-BF4B-00C04F79EFBC}") = "Rabbits", "Rabbits\Rabbits.csproj", "{424FC679-FCD3-4CA3-AAD5-ED0C09E7D0D3}"
EndProject
Global
	GlobalSection(SolutionConfigurationPlatforms) = preSolution
		Debug|Any CPU = Debug|Any CPU
		Release|Any CPU = Release|Any CPU
	EndGlobalSection
	GlobalSection(ProjectConfigurationPlatforms) = postSolution
		{F961F980-0107-4669-A627-D737C9593B15}.Debug|Any CPU.ActiveCfg = Debug|Any CPU
		{F961F980-0107-4669-A627-D737C9593B15}.Debug|Any CPU.Build.0 = Debug|Any CPU
		{F961F980-0107-4669-A627-D737C9593B15}.Release|Any CPU.ActiveCfg = Release|Any CPU
		{F961F980-0107-4669-A627-D737C9593B15}.Release|Any CPU.Build.0 = Release|Any CPU
		{42E249EB-3806-40E1-96FB-A65E92250390}.Debug|Any CPU.ActiveCfg = Debug|Any CPU
		{42E249EB-3806-40E1-96FB-A65E92250390}.Debug|Any CPU.Build.0 = Debug|Any CPU
		{42E249EB-3806-40E1-96FB-A65E92250390}.Release|Any CPU.ActiveCfg = Release|Any CPU
		{42E249EB-3806-40E1-96FB-A65E92250390}.Release|Any CPU.Build.0 = Release|Any CPU
		{424FC679-FCD3-4CA3-AAD5-ED0C09E7D0D3}.Debug|Any CPU.ActiveCfg = Debug|Any CPU
		{424FC679-FCD3-4CA3-AAD5-ED0C09E7D0D3}.Debug|Any CPU.Build.0 = Debug|Any CPU
		{424FC679-FCD3-4CA3-AAD5-ED0C09E7D0D3}.Release|Any CPU.ActiveCfg = Release|Any CPU
		{424FC679-FCD3-4CA3-AAD5-ED0C09E7D0D3}.Release|Any CPU.Build.0 = Release|Any CPU
	EndGlobalSection
	GlobalSection(SolutionProperties) = preSolution
		HideSolutionNode = FALSE
	EndGlobalSection
	GlobalSection(ExtensibilityGlobals) = postSolution
		SolutionGuid = {6535936B-DE77-4468-B15C-94F35C46364C}
	EndGlobalSection
EndGlobal
